
Microsoft Visual Studio Solution File, Format Version 12.00
Project("{FAE04EC0-301F-11D3-BF4B-00C04F79EFBC}") = "A01_Addierer", "A01_Addierer\A01_Addierer.csproj", "{FC2B1A03-465B-467B-B0E3-0901E4AC3AD9}"
EndProject
Project("{FAE04EC0-301F-11D3-BF4B-00C04F79EFBC}") = "A02_Months", "A02_Months\A02_Months.csproj", "{A9908DA4-FF2C-4F39-B953-A4540D0468EC}"
EndProject
Project("{FAE04EC0-301F-11D3-BF4B-00C04F79EFBC}") = "A03_Flussdiagramm_01", "A03_Flussdiagramm_01\A03_Flussdiagramm_01.csproj", "{816AD17B-25E2-461B-8C17-66994F4AFE4D}"
EndProject
Project("{FAE04EC0-301F-11D3-BF4B-00C04F79EFBC}") = "A04_nameOfMonths", "A04_nameOfMonths\A04_nameOfMonths.csproj", "{989EE1C8-1AA6-47A6-8284-A545CCF02882}"
EndProject
Project("{FAE04EC0-301F-11D3-BF4B-00C04F79EFBC}") = "A05_Flussdiagramm_02", "A05_Flussdiagramm_02\A05_Flussdiagramm_02.csproj", "{9E486683-C266-4424-AE1B-8763A056B2F6}"
EndProject
Project("{FAE04EC0-301F-11D3-BF4B-00C04F79EFBC}") = "A06_kleines1Mal1", "A06_kleines1Mal1\A06_kleines1Mal1.csproj", "{4C17BE6B-1291-4217-BE44-CA49DAD21E56}"
EndProject
Project("{FAE04EC0-301F-11D3-BF4B-00C04F79EFBC}") = "A07_teilbarkeitDurch3undOder5", "A07_teilbarkeitDurch3undOder5\A07_teilbarkeitDurch3undOder5.csproj", "{3D5596B0-6C3C-4489-B6FE-88A3F00AF631}"
EndProject
Project("{FAE04EC0-301F-11D3-BF4B-00C04F79EFBC}") = "A08_verboteneWörter", "A08_verboteneWörter\A08_verboteneWörter.csproj", "{191ADEA5-AA3F-437C-8585-3CD7A2D42D0D}"
EndProject
Project("{FAE04EC0-301F-11D3-BF4B-00C04F79EFBC}") = "A09_binZahlAnzeigen", "A09_binZahlAnzeigen\A09_binZahlAnzeigen.csproj", "{AE6E9FDA-98B7-41EC-BE0A-3133A7D86477}"
EndProject
Project("{FAE04EC0-301F-11D3-BF4B-00C04F79EFBC}") = "A10_quersumme", "A10_quersumme\A10_quersumme.csproj", "{E4AED5AB-3BF6-4C51-A244-FC2EFDEA2EDE}"
EndProject
Project("{FAE04EC0-301F-11D3-BF4B-00C04F79EFBC}") = "A11_quersummeTeilbar", "A11_quersummeTeilbar\A11_quersummeTeilbar.csproj", "{D5B43C68-CB95-4A72-9A4B-78129E608B5D}"
EndProject
Project("{FAE04EC0-301F-11D3-BF4B-00C04F79EFBC}") = "A12_Aufsummieren", "A12_Aufsummieren\A12_Aufsummieren.csproj", "{88CBC2FD-FAED-4607-8FA3-B20E54EA6EA2}"
EndProject
Project("{FAE04EC0-301F-11D3-BF4B-00C04F79EFBC}") = "A13_drawLine", "A13_drawLine\A13_drawLine.csproj", "{163F5582-4EA4-486A-8B1B-077FD03D14C5}"
EndProject
Project("{FAE04EC0-301F-11D3-BF4B-00C04F79EFBC}") = "A14_Schaltjahr", "A14_Schaltjahr\A14_Schaltjahr.csproj", "{6D95F3A8-5C5C-40FE-99A3-081140C7A312}"
EndProject
Project("{FAE04EC0-301F-11D3-BF4B-00C04F79EFBC}") = "A15_drawTree", "A15_drawTree\A15_drawTree.csproj", "{979A6BBA-4306-4B34-AD9E-E253E2ECF3AF}"
EndProject
Project("{FAE04EC0-301F-11D3-BF4B-00C04F79EFBC}") = "A16_GuessNumbers", "A16_GuessNumbers\A16_GuessNumbers.csproj", "{B62E6437-5F1D-48CF-B45B-C40BA64A08BA}"
EndProject
Project("{FAE04EC0-301F-11D3-BF4B-00C04F79EFBC}") = "A17_SortArray", "A17_SortArray\A17_SortArray.csproj", "{C051C920-30CD-40E8-9088-F8B50EC32045}"
EndProject
Project("{FAE04EC0-301F-11D3-BF4B-00C04F79EFBC}") = "A18_yourAge", "A18_yourAge\A18_yourAge.csproj", "{359557C9-1CF0-4F84-9CBD-7EADC5F3351B}"
EndProject
Project("{FAE04EC0-301F-11D3-BF4B-00C04F79EFBC}") = "A19_countVokale", "A19_countVokale\A19_countVokale.csproj", "{AB2B4A3B-7A8D-4A1D-932D-D4F19017A07B}"
EndProject
Global
	GlobalSection(SolutionConfigurationPlatforms) = preSolution
		Debug|Any CPU = Debug|Any CPU
		Release|Any CPU = Release|Any CPU
	EndGlobalSection
	GlobalSection(ProjectConfigurationPlatforms) = postSolution
		{FC2B1A03-465B-467B-B0E3-0901E4AC3AD9}.Debug|Any CPU.ActiveCfg = Debug|Any CPU
		{FC2B1A03-465B-467B-B0E3-0901E4AC3AD9}.Debug|Any CPU.Build.0 = Debug|Any CPU
		{FC2B1A03-465B-467B-B0E3-0901E4AC3AD9}.Release|Any CPU.ActiveCfg = Release|Any CPU
		{FC2B1A03-465B-467B-B0E3-0901E4AC3AD9}.Release|Any CPU.Build.0 = Release|Any CPU
		{A9908DA4-FF2C-4F39-B953-A4540D0468EC}.Debug|Any CPU.ActiveCfg = Debug|Any CPU
		{A9908DA4-FF2C-4F39-B953-A4540D0468EC}.Debug|Any CPU.Build.0 = Debug|Any CPU
		{A9908DA4-FF2C-4F39-B953-A4540D0468EC}.Release|Any CPU.ActiveCfg = Release|Any CPU
		{A9908DA4-FF2C-4F39-B953-A4540D0468EC}.Release|Any CPU.Build.0 = Release|Any CPU
		{816AD17B-25E2-461B-8C17-66994F4AFE4D}.Debug|Any CPU.ActiveCfg = Debug|Any CPU
		{816AD17B-25E2-461B-8C17-66994F4AFE4D}.Debug|Any CPU.Build.0 = Debug|Any CPU
		{816AD17B-25E2-461B-8C17-66994F4AFE4D}.Release|Any CPU.ActiveCfg = Release|Any CPU
		{816AD17B-25E2-461B-8C17-66994F4AFE4D}.Release|Any CPU.Build.0 = Release|Any CPU
		{989EE1C8-1AA6-47A6-8284-A545CCF02882}.Debug|Any CPU.ActiveCfg = Debug|Any CPU
		{989EE1C8-1AA6-47A6-8284-A545CCF02882}.Debug|Any CPU.Build.0 = Debug|Any CPU
		{989EE1C8-1AA6-47A6-8284-A545CCF02882}.Release|Any CPU.ActiveCfg = Release|Any CPU
		{989EE1C8-1AA6-47A6-8284-A545CCF02882}.Release|Any CPU.Build.0 = Release|Any CPU
		{9E486683-C266-4424-AE1B-8763A056B2F6}.Debug|Any CPU.ActiveCfg = Debug|Any CPU
		{9E486683-C266-4424-AE1B-8763A056B2F6}.Debug|Any CPU.Build.0 = Debug|Any CPU
		{9E486683-C266-4424-AE1B-8763A056B2F6}.Release|Any CPU.ActiveCfg = Release|Any CPU
		{9E486683-C266-4424-AE1B-8763A056B2F6}.Release|Any CPU.Build.0 = Release|Any CPU
		{4C17BE6B-1291-4217-BE44-CA49DAD21E56}.Debug|Any CPU.ActiveCfg = Debug|Any CPU
		{4C17BE6B-1291-4217-BE44-CA49DAD21E56}.Debug|Any CPU.Build.0 = Debug|Any CPU
		{4C17BE6B-1291-4217-BE44-CA49DAD21E56}.Release|Any CPU.ActiveCfg = Release|Any CPU
		{4C17BE6B-1291-4217-BE44-CA49DAD21E56}.Release|Any CPU.Build.0 = Release|Any CPU
		{3D5596B0-6C3C-4489-B6FE-88A3F00AF631}.Debug|Any CPU.ActiveCfg = Debug|Any CPU
		{3D5596B0-6C3C-4489-B6FE-88A3F00AF631}.Debug|Any CPU.Build.0 = Debug|Any CPU
		{3D5596B0-6C3C-4489-B6FE-88A3F00AF631}.Release|Any CPU.ActiveCfg = Release|Any CPU
		{3D5596B0-6C3C-4489-B6FE-88A3F00AF631}.Release|Any CPU.Build.0 = Release|Any CPU
		{191ADEA5-AA3F-437C-8585-3CD7A2D42D0D}.Debug|Any CPU.ActiveCfg = Debug|Any CPU
		{191ADEA5-AA3F-437C-8585-3CD7A2D42D0D}.Debug|Any CPU.Build.0 = Debug|Any CPU
		{191ADEA5-AA3F-437C-8585-3CD7A2D42D0D}.Release|Any CPU.ActiveCfg = Release|Any CPU
		{191ADEA5-AA3F-437C-8585-3CD7A2D42D0D}.Release|Any CPU.Build.0 = Release|Any CPU
		{AE6E9FDA-98B7-41EC-BE0A-3133A7D86477}.Debug|Any CPU.ActiveCfg = Debug|Any CPU
		{AE6E9FDA-98B7-41EC-BE0A-3133A7D86477}.Debug|Any CPU.Build.0 = Debug|Any CPU
		{AE6E9FDA-98B7-41EC-BE0A-3133A7D86477}.Release|Any CPU.ActiveCfg = Release|Any CPU
		{AE6E9FDA-98B7-41EC-BE0A-3133A7D86477}.Release|Any CPU.Build.0 = Release|Any CPU
		{E4AED5AB-3BF6-4C51-A244-FC2EFDEA2EDE}.Debug|Any CPU.ActiveCfg = Debug|Any CPU
		{E4AED5AB-3BF6-4C51-A244-FC2EFDEA2EDE}.Debug|Any CPU.Build.0 = Debug|Any CPU
		{E4AED5AB-3BF6-4C51-A244-FC2EFDEA2EDE}.Release|Any CPU.ActiveCfg = Release|Any CPU
		{E4AED5AB-3BF6-4C51-A244-FC2EFDEA2EDE}.Release|Any CPU.Build.0 = Release|Any CPU
		{D5B43C68-CB95-4A72-9A4B-78129E608B5D}.Debug|Any CPU.ActiveCfg = Debug|Any CPU
		{D5B43C68-CB95-4A72-9A4B-78129E608B5D}.Debug|Any CPU.Build.0 = Debug|Any CPU
		{D5B43C68-CB95-4A72-9A4B-78129E608B5D}.Release|Any CPU.ActiveCfg = Release|Any CPU
		{D5B43C68-CB95-4A72-9A4B-78129E608B5D}.Release|Any CPU.Build.0 = Release|Any CPU
		{88CBC2FD-FAED-4607-8FA3-B20E54EA6EA2}.Debug|Any CPU.ActiveCfg = Debug|Any CPU
		{88CBC2FD-FAED-4607-8FA3-B20E54EA6EA2}.Debug|Any CPU.Build.0 = Debug|Any CPU
		{88CBC2FD-FAED-4607-8FA3-B20E54EA6EA2}.Release|Any CPU.ActiveCfg = Release|Any CPU
		{88CBC2FD-FAED-4607-8FA3-B20E54EA6EA2}.Release|Any CPU.Build.0 = Release|Any CPU
		{163F5582-4EA4-486A-8B1B-077FD03D14C5}.Debug|Any CPU.ActiveCfg = Debug|Any CPU
		{163F5582-4EA4-486A-8B1B-077FD03D14C5}.Debug|Any CPU.Build.0 = Debug|Any CPU
		{163F5582-4EA4-486A-8B1B-077FD03D14C5}.Release|Any CPU.ActiveCfg = Release|Any CPU
		{163F5582-4EA4-486A-8B1B-077FD03D14C5}.Release|Any CPU.Build.0 = Release|Any CPU
		{6D95F3A8-5C5C-40FE-99A3-081140C7A312}.Debug|Any CPU.ActiveCfg = Debug|Any CPU
		{6D95F3A8-5C5C-40FE-99A3-081140C7A312}.Debug|Any CPU.Build.0 = Debug|Any CPU
		{6D95F3A8-5C5C-40FE-99A3-081140C7A312}.Release|Any CPU.ActiveCfg = Release|Any CPU
		{6D95F3A8-5C5C-40FE-99A3-081140C7A312}.Release|Any CPU.Build.0 = Release|Any CPU
		{979A6BBA-4306-4B34-AD9E-E253E2ECF3AF}.Debug|Any CPU.ActiveCfg = Debug|Any CPU
		{979A6BBA-4306-4B34-AD9E-E253E2ECF3AF}.Debug|Any CPU.Build.0 = Debug|Any CPU
		{979A6BBA-4306-4B34-AD9E-E253E2ECF3AF}.Release|Any CPU.ActiveCfg = Release|Any CPU
		{979A6BBA-4306-4B34-AD9E-E253E2ECF3AF}.Release|Any CPU.Build.0 = Release|Any CPU
		{B62E6437-5F1D-48CF-B45B-C40BA64A08BA}.Debug|Any CPU.ActiveCfg = Debug|Any CPU
		{B62E6437-5F1D-48CF-B45B-C40BA64A08BA}.Debug|Any CPU.Build.0 = Debug|Any CPU
		{B62E6437-5F1D-48CF-B45B-C40BA64A08BA}.Release|Any CPU.ActiveCfg = Release|Any CPU
		{B62E6437-5F1D-48CF-B45B-C40BA64A08BA}.Release|Any CPU.Build.0 = Release|Any CPU
		{C051C920-30CD-40E8-9088-F8B50EC32045}.Debug|Any CPU.ActiveCfg = Debug|Any CPU
		{C051C920-30CD-40E8-9088-F8B50EC32045}.Debug|Any CPU.Build.0 = Debug|Any CPU
		{C051C920-30CD-40E8-9088-F8B50EC32045}.Release|Any CPU.ActiveCfg = Release|Any CPU
		{C051C920-30CD-40E8-9088-F8B50EC32045}.Release|Any CPU.Build.0 = Release|Any CPU
		{359557C9-1CF0-4F84-9CBD-7EADC5F3351B}.Debug|Any CPU.ActiveCfg = Debug|Any CPU
		{359557C9-1CF0-4F84-9CBD-7EADC5F3351B}.Debug|Any CPU.Build.0 = Debug|Any CPU
		{359557C9-1CF0-4F84-9CBD-7EADC5F3351B}.Release|Any CPU.ActiveCfg = Release|Any CPU
		{359557C9-1CF0-4F84-9CBD-7EADC5F3351B}.Release|Any CPU.Build.0 = Release|Any CPU
		{AB2B4A3B-7A8D-4A1D-932D-D4F19017A07B}.Debug|Any CPU.ActiveCfg = Debug|Any CPU
		{AB2B4A3B-7A8D-4A1D-932D-D4F19017A07B}.Debug|Any CPU.Build.0 = Debug|Any CPU
		{AB2B4A3B-7A8D-4A1D-932D-D4F19017A07B}.Release|Any CPU.ActiveCfg = Release|Any CPU
		{AB2B4A3B-7A8D-4A1D-932D-D4F19017A07B}.Release|Any CPU.Build.0 = Release|Any CPU
	EndGlobalSection
EndGlobal
